// !$*UTF8*$!
{
	archiveVersion = 1;
	classes = {
	};
	objectVersion = 56;
	objects = {

/* Begin PBXBuildFile section */
		C539C2BE2C19C567005BDED0 /* AppDelegate.swift in Sources */ = {isa = PBXBuildFile; fileRef = C539C2BD2C19C567005BDED0 /* AppDelegate.swift */; };
		C539C2C02C19C567005BDED0 /* SceneDelegate.swift in Sources */ = {isa = PBXBuildFile; fileRef = C539C2BF2C19C567005BDED0 /* SceneDelegate.swift */; };
		C539C2C22C19C567005BDED0 /* ViewController.swift in Sources */ = {isa = PBXBuildFile; fileRef = C539C2C12C19C567005BDED0 /* ViewController.swift */; };
		C539C2C52C19C567005BDED0 /* Base in Resources */ = {isa = PBXBuildFile; fileRef = C539C2C42C19C567005BDED0 /* Base */; };
		C539C2C72C19C56B005BDED0 /* Assets.xcassets in Resources */ = {isa = PBXBuildFile; fileRef = C539C2C62C19C56B005BDED0 /* Assets.xcassets */; };
		C539C2CA2C19C56B005BDED0 /* Base in Resources */ = {isa = PBXBuildFile; fileRef = C539C2C92C19C56B005BDED0 /* Base */; };
		C539C2D52C19C56B005BDED0 /* CTXMAMCodeCoverageFailTests.swift in Sources */ = {isa = PBXBuildFile; fileRef = C539C2D42C19C56B005BDED0 /* CTXMAMCodeCoverageFailTests.swift */; };
		C539C2DF2C19C56B005BDED0 /* CTXMAMCodeCoverageFailUITests.swift in Sources */ = {isa = PBXBuildFile; fileRef = C539C2DE2C19C56B005BDED0 /* CTXMAMCodeCoverageFailUITests.swift */; };
		C539C2E12C19C56B005BDED0 /* CTXMAMCodeCoverageFailUITestsLaunchTests.swift in Sources */ = {isa = PBXBuildFile; fileRef = C539C2E02C19C56B005BDED0 /* CTXMAMCodeCoverageFailUITestsLaunchTests.swift */; };
		C539C2F72C19C939005BDED0 /* CitrixLogger.xcframework in Frameworks */ = {isa = PBXBuildFile; fileRef = C539C2F22C19C933005BDED0 /* CitrixLogger.xcframework */; };
		C539C2F82C19C939005BDED0 /* CitrixLogger.xcframework in Embed Frameworks */ = {isa = PBXBuildFile; fileRef = C539C2F22C19C933005BDED0 /* CitrixLogger.xcframework */; settings = {ATTRIBUTES = (CodeSignOnCopy, RemoveHeadersOnCopy, ); }; };
		C539C2FA2C19C93B005BDED0 /* CTXMAMAppCore.xcframework in Frameworks */ = {isa = PBXBuildFile; fileRef = C539C2EF2C19C933005BDED0 /* CTXMAMAppCore.xcframework */; };
		C539C2FB2C19C93B005BDED0 /* CTXMAMAppCore.xcframework in Embed Frameworks */ = {isa = PBXBuildFile; fileRef = C539C2EF2C19C933005BDED0 /* CTXMAMAppCore.xcframework */; settings = {ATTRIBUTES = (CodeSignOnCopy, RemoveHeadersOnCopy, ); }; };
		C539C2FC2C19C93D005BDED0 /* CTXMAMCore.xcframework in Frameworks */ = {isa = PBXBuildFile; fileRef = C539C2F12C19C933005BDED0 /* CTXMAMCore.xcframework */; };
		C539C2FD2C19C93D005BDED0 /* CTXMAMCore.xcframework in Embed Frameworks */ = {isa = PBXBuildFile; fileRef = C539C2F12C19C933005BDED0 /* CTXMAMCore.xcframework */; settings = {ATTRIBUTES = (CodeSignOnCopy, RemoveHeadersOnCopy, ); }; };
		C539C2FE2C19C93E005BDED0 /* CTXMAMNetwork.xcframework in Frameworks */ = {isa = PBXBuildFile; fileRef = C539C2F02C19C933005BDED0 /* CTXMAMNetwork.xcframework */; };
		C539C2FF2C19C93E005BDED0 /* CTXMAMNetwork.xcframework in Embed Frameworks */ = {isa = PBXBuildFile; fileRef = C539C2F02C19C933005BDED0 /* CTXMAMNetwork.xcframework */; settings = {ATTRIBUTES = (CodeSignOnCopy, RemoveHeadersOnCopy, ); }; };
		C539C3062C19CB0B005BDED0 /* CTXMAMCompliance.xcframework in Frameworks */ = {isa = PBXBuildFile; fileRef = C539C3012C19CB08005BDED0 /* CTXMAMCompliance.xcframework */; };
		C539C3072C19CB0B005BDED0 /* CTXMAMCompliance.xcframework in Embed Frameworks */ = {isa = PBXBuildFile; fileRef = C539C3012C19CB08005BDED0 /* CTXMAMCompliance.xcframework */; settings = {ATTRIBUTES = (CodeSignOnCopy, RemoveHeadersOnCopy, ); }; };
		C539C3082C19CB0D005BDED0 /* CTXMAMContainment.xcframework in Frameworks */ = {isa = PBXBuildFile; fileRef = C539C3002C19CB08005BDED0 /* CTXMAMContainment.xcframework */; };
		C539C3092C19CB0D005BDED0 /* CTXMAMContainment.xcframework in Embed Frameworks */ = {isa = PBXBuildFile; fileRef = C539C3002C19CB08005BDED0 /* CTXMAMContainment.xcframework */; settings = {ATTRIBUTES = (CodeSignOnCopy, RemoveHeadersOnCopy, ); }; };
		C539C30A2C19CB0F005BDED0 /* CTXMAMLocalAuth.xcframework in Frameworks */ = {isa = PBXBuildFile; fileRef = C539C3022C19CB08005BDED0 /* CTXMAMLocalAuth.xcframework */; };
		C539C30B2C19CB0F005BDED0 /* CTXMAMLocalAuth.xcframework in Embed Frameworks */ = {isa = PBXBuildFile; fileRef = C539C3022C19CB08005BDED0 /* CTXMAMLocalAuth.xcframework */; settings = {ATTRIBUTES = (CodeSignOnCopy, RemoveHeadersOnCopy, ); }; };
/* End PBXBuildFile section */

/* Begin PBXContainerItemProxy section */
		C539C2D12C19C56B005BDED0 /* PBXContainerItemProxy */ = {
			isa = PBXContainerItemProxy;
			containerPortal = C539C2B22C19C567005BDED0 /* Project object */;
			proxyType = 1;
			remoteGlobalIDString = C539C2B92C19C567005BDED0;
			remoteInfo = CTXMAMCodeCoverageFail;
		};
		C539C2DB2C19C56B005BDED0 /* PBXContainerItemProxy */ = {
			isa = PBXContainerItemProxy;
			containerPortal = C539C2B22C19C567005BDED0 /* Project object */;
			proxyType = 1;
			remoteGlobalIDString = C539C2B92C19C567005BDED0;
			remoteInfo = CTXMAMCodeCoverageFail;
		};
/* End PBXContainerItemProxy section */

/* Begin PBXCopyFilesBuildPhase section */
		C539C2F92C19C939005BDED0 /* Embed Frameworks */ = {
			isa = PBXCopyFilesBuildPhase;
			buildActionMask = 2147483647;
			dstPath = "";
			dstSubfolderSpec = 10;
			files = (
				C539C3092C19CB0D005BDED0 /* CTXMAMContainment.xcframework in Embed Frameworks */,
				C539C2FF2C19C93E005BDED0 /* CTXMAMNetwork.xcframework in Embed Frameworks */,
				C539C2FD2C19C93D005BDED0 /* CTXMAMCore.xcframework in Embed Frameworks */,
				C539C30B2C19CB0F005BDED0 /* CTXMAMLocalAuth.xcframework in Embed Frameworks */,
				C539C2FB2C19C93B005BDED0 /* CTXMAMAppCore.xcframework in Embed Frameworks */,
				C539C2F82C19C939005BDED0 /* CitrixLogger.xcframework in Embed Frameworks */,
				C539C3072C19CB0B005BDED0 /* CTXMAMCompliance.xcframework in Embed Frameworks */,
			);
			name = "Embed Frameworks";
			runOnlyForDeploymentPostprocessing = 0;
		};
/* End PBXCopyFilesBuildPhase section */

/* Begin PBXFileReference section */
		C539C2BA2C19C567005BDED0 /* CTXMAMCodeCoverageFail.app */ = {isa = PBXFileReference; explicitFileType = wrapper.application; includeInIndex = 0; path = CTXMAMCodeCoverageFail.app; sourceTree = BUILT_PRODUCTS_DIR; };
		C539C2BD2C19C567005BDED0 /* AppDelegate.swift */ = {isa = PBXFileReference; lastKnownFileType = sourcecode.swift; path = AppDelegate.swift; sourceTree = "<group>"; };
		C539C2BF2C19C567005BDED0 /* SceneDelegate.swift */ = {isa = PBXFileReference; lastKnownFileType = sourcecode.swift; path = SceneDelegate.swift; sourceTree = "<group>"; };
		C539C2C12C19C567005BDED0 /* ViewController.swift */ = {isa = PBXFileReference; lastKnownFileType = sourcecode.swift; path = ViewController.swift; sourceTree = "<group>"; };
		C539C2C42C19C567005BDED0 /* Base */ = {isa = PBXFileReference; lastKnownFileType = file.storyboard; name = Base; path = Base.lproj/Main.storyboard; sourceTree = "<group>"; };
		C539C2C62C19C56B005BDED0 /* Assets.xcassets */ = {isa = PBXFileReference; lastKnownFileType = folder.assetcatalog; path = Assets.xcassets; sourceTree = "<group>"; };
		C539C2C92C19C56B005BDED0 /* Base */ = {isa = PBXFileReference; lastKnownFileType = file.storyboard; name = Base; path = Base.lproj/LaunchScreen.storyboard; sourceTree = "<group>"; };
		C539C2CB2C19C56B005BDED0 /* Info.plist */ = {isa = PBXFileReference; lastKnownFileType = text.plist.xml; path = Info.plist; sourceTree = "<group>"; };
		C539C2D02C19C56B005BDED0 /* CTXMAMCodeCoverageFailTests.xctest */ = {isa = PBXFileReference; explicitFileType = wrapper.cfbundle; includeInIndex = 0; path = CTXMAMCodeCoverageFailTests.xctest; sourceTree = BUILT_PRODUCTS_DIR; };
		C539C2D42C19C56B005BDED0 /* CTXMAMCodeCoverageFailTests.swift */ = {isa = PBXFileReference; lastKnownFileType = sourcecode.swift; path = CTXMAMCodeCoverageFailTests.swift; sourceTree = "<group>"; };
		C539C2DA2C19C56B005BDED0 /* CTXMAMCodeCoverageFailUITests.xctest */ = {isa = PBXFileReference; explicitFileType = wrapper.cfbundle; includeInIndex = 0; path = CTXMAMCodeCoverageFailUITests.xctest; sourceTree = BUILT_PRODUCTS_DIR; };
		C539C2DE2C19C56B005BDED0 /* CTXMAMCodeCoverageFailUITests.swift */ = {isa = PBXFileReference; lastKnownFileType = sourcecode.swift; path = CTXMAMCodeCoverageFailUITests.swift; sourceTree = "<group>"; };
		C539C2E02C19C56B005BDED0 /* CTXMAMCodeCoverageFailUITestsLaunchTests.swift */ = {isa = PBXFileReference; lastKnownFileType = sourcecode.swift; path = CTXMAMCodeCoverageFailUITestsLaunchTests.swift; sourceTree = "<group>"; };
		C539C2ED2C19C819005BDED0 /* CTXMAMCodeCoverageFail.xctestplan */ = {isa = PBXFileReference; lastKnownFileType = text; path = CTXMAMCodeCoverageFail.xctestplan; sourceTree = "<group>"; };
		C539C2EF2C19C933005BDED0 /* CTXMAMAppCore.xcframework */ = {isa = PBXFileReference; lastKnownFileType = wrapper.xcframework; path = CTXMAMAppCore.xcframework; sourceTree = "<group>"; };
		C539C2F02C19C933005BDED0 /* CTXMAMNetwork.xcframework */ = {isa = PBXFileReference; lastKnownFileType = wrapper.xcframework; path = CTXMAMNetwork.xcframework; sourceTree = "<group>"; };
		C539C2F12C19C933005BDED0 /* CTXMAMCore.xcframework */ = {isa = PBXFileReference; lastKnownFileType = wrapper.xcframework; path = CTXMAMCore.xcframework; sourceTree = "<group>"; };
		C539C2F22C19C933005BDED0 /* CitrixLogger.xcframework */ = {isa = PBXFileReference; lastKnownFileType = wrapper.xcframework; path = CitrixLogger.xcframework; sourceTree = "<group>"; };
		C539C3002C19CB08005BDED0 /* CTXMAMContainment.xcframework */ = {isa = PBXFileReference; lastKnownFileType = wrapper.xcframework; path = CTXMAMContainment.xcframework; sourceTree = "<group>"; };
		C539C3012C19CB08005BDED0 /* CTXMAMCompliance.xcframework */ = {isa = PBXFileReference; lastKnownFileType = wrapper.xcframework; path = CTXMAMCompliance.xcframework; sourceTree = "<group>"; };
		C539C3022C19CB08005BDED0 /* CTXMAMLocalAuth.xcframework */ = {isa = PBXFileReference; lastKnownFileType = wrapper.xcframework; path = CTXMAMLocalAuth.xcframework; sourceTree = "<group>"; };
/* End PBXFileReference section */

/* Begin PBXFrameworksBuildPhase section */
		C539C2B72C19C567005BDED0 /* Frameworks */ = {
			isa = PBXFrameworksBuildPhase;
			buildActionMask = 2147483647;
			files = (
				C539C2FE2C19C93E005BDED0 /* CTXMAMNetwork.xcframework in Frameworks */,
				C539C2FC2C19C93D005BDED0 /* CTXMAMCore.xcframework in Frameworks */,
				C539C3062C19CB0B005BDED0 /* CTXMAMCompliance.xcframework in Frameworks */,
				C539C30A2C19CB0F005BDED0 /* CTXMAMLocalAuth.xcframework in Frameworks */,
				C539C3082C19CB0D005BDED0 /* CTXMAMContainment.xcframework in Frameworks */,
				C539C2FA2C19C93B005BDED0 /* CTXMAMAppCore.xcframework in Frameworks */,
				C539C2F72C19C939005BDED0 /* CitrixLogger.xcframework in Frameworks */,
			);
			runOnlyForDeploymentPostprocessing = 0;
		};
		C539C2CD2C19C56B005BDED0 /* Frameworks */ = {
			isa = PBXFrameworksBuildPhase;
			buildActionMask = 2147483647;
			files = (
			);
			runOnlyForDeploymentPostprocessing = 0;
		};
		C539C2D72C19C56B005BDED0 /* Frameworks */ = {
			isa = PBXFrameworksBuildPhase;
			buildActionMask = 2147483647;
			files = (
			);
			runOnlyForDeploymentPostprocessing = 0;
		};
/* End PBXFrameworksBuildPhase section */

/* Begin PBXGroup section */
		C539C2B12C19C567005BDED0 = {
			isa = PBXGroup;
			children = (
				C539C2ED2C19C819005BDED0 /* CTXMAMCodeCoverageFail.xctestplan */,
				C539C2BC2C19C567005BDED0 /* CTXMAMCodeCoverageFail */,
				C539C2EE2C19C8C2005BDED0 /* CitrixSDK */,
				C539C2D32C19C56B005BDED0 /* CTXMAMCodeCoverageFailTests */,
				C539C2DD2C19C56B005BDED0 /* CTXMAMCodeCoverageFailUITests */,
				C539C2BB2C19C567005BDED0 /* Products */,
			);
			sourceTree = "<group>";
		};
		C539C2BB2C19C567005BDED0 /* Products */ = {
			isa = PBXGroup;
			children = (
				C539C2BA2C19C567005BDED0 /* CTXMAMCodeCoverageFail.app */,
				C539C2D02C19C56B005BDED0 /* CTXMAMCodeCoverageFailTests.xctest */,
				C539C2DA2C19C56B005BDED0 /* CTXMAMCodeCoverageFailUITests.xctest */,
			);
			name = Products;
			sourceTree = "<group>";
		};
		C539C2BC2C19C567005BDED0 /* CTXMAMCodeCoverageFail */ = {
			isa = PBXGroup;
			children = (
				C539C2BD2C19C567005BDED0 /* AppDelegate.swift */,
				C539C2BF2C19C567005BDED0 /* SceneDelegate.swift */,
				C539C2C12C19C567005BDED0 /* ViewController.swift */,
				C539C2C32C19C567005BDED0 /* Main.storyboard */,
				C539C2C62C19C56B005BDED0 /* Assets.xcassets */,
				C539C2C82C19C56B005BDED0 /* LaunchScreen.storyboard */,
				C539C2CB2C19C56B005BDED0 /* Info.plist */,
			);
			path = CTXMAMCodeCoverageFail;
			sourceTree = "<group>";
		};
		C539C2D32C19C56B005BDED0 /* CTXMAMCodeCoverageFailTests */ = {
			isa = PBXGroup;
			children = (
				C539C2D42C19C56B005BDED0 /* CTXMAMCodeCoverageFailTests.swift */,
			);
			path = CTXMAMCodeCoverageFailTests;
			sourceTree = "<group>";
		};
		C539C2DD2C19C56B005BDED0 /* CTXMAMCodeCoverageFailUITests */ = {
			isa = PBXGroup;
			children = (
				C539C2DE2C19C56B005BDED0 /* CTXMAMCodeCoverageFailUITests.swift */,
				C539C2E02C19C56B005BDED0 /* CTXMAMCodeCoverageFailUITestsLaunchTests.swift */,
			);
			path = CTXMAMCodeCoverageFailUITests;
			sourceTree = "<group>";
		};
		C539C2EE2C19C8C2005BDED0 /* CitrixSDK */ = {
			isa = PBXGroup;
			children = (
				C539C2F22C19C933005BDED0 /* CitrixLogger.xcframework */,
				C539C2EF2C19C933005BDED0 /* CTXMAMAppCore.xcframework */,
				C539C3012C19CB08005BDED0 /* CTXMAMCompliance.xcframework */,
				C539C3002C19CB08005BDED0 /* CTXMAMContainment.xcframework */,
				C539C2F12C19C933005BDED0 /* CTXMAMCore.xcframework */,
				C539C3022C19CB08005BDED0 /* CTXMAMLocalAuth.xcframework */,
				C539C2F02C19C933005BDED0 /* CTXMAMNetwork.xcframework */,
			);
			path = CitrixSDK;
			sourceTree = "<group>";
		};
/* End PBXGroup section */

/* Begin PBXNativeTarget section */
		C539C2B92C19C567005BDED0 /* CTXMAMCodeCoverageFail */ = {
			isa = PBXNativeTarget;
			buildConfigurationList = C539C2E42C19C56B005BDED0 /* Build configuration list for PBXNativeTarget "CTXMAMCodeCoverageFail" */;
			buildPhases = (
				C539C2B62C19C567005BDED0 /* Sources */,
				C539C2B72C19C567005BDED0 /* Frameworks */,
				C539C2B82C19C567005BDED0 /* Resources */,
				C539C2F92C19C939005BDED0 /* Embed Frameworks */,
			);
			buildRules = (
			);
			dependencies = (
			);
			name = CTXMAMCodeCoverageFail;
			productName = CTXMAMCodeCoverageFail;
			productReference = C539C2BA2C19C567005BDED0 /* CTXMAMCodeCoverageFail.app */;
			productType = "com.apple.product-type.application";
		};
		C539C2CF2C19C56B005BDED0 /* CTXMAMCodeCoverageFailTests */ = {
			isa = PBXNativeTarget;
			buildConfigurationList = C539C2E72C19C56B005BDED0 /* Build configuration list for PBXNativeTarget "CTXMAMCodeCoverageFailTests" */;
			buildPhases = (
				C539C2CC2C19C56B005BDED0 /* Sources */,
				C539C2CD2C19C56B005BDED0 /* Frameworks */,
				C539C2CE2C19C56B005BDED0 /* Resources */,
			);
			buildRules = (
			);
			dependencies = (
				C539C2D22C19C56B005BDED0 /* PBXTargetDependency */,
			);
			name = CTXMAMCodeCoverageFailTests;
			productName = CTXMAMCodeCoverageFailTests;
			productReference = C539C2D02C19C56B005BDED0 /* CTXMAMCodeCoverageFailTests.xctest */;
			productType = "com.apple.product-type.bundle.unit-test";
		};
		C539C2D92C19C56B005BDED0 /* CTXMAMCodeCoverageFailUITests */ = {
			isa = PBXNativeTarget;
			buildConfigurationList = C539C2EA2C19C56B005BDED0 /* Build configuration list for PBXNativeTarget "CTXMAMCodeCoverageFailUITests" */;
			buildPhases = (
				C539C2D62C19C56B005BDED0 /* Sources */,
				C539C2D72C19C56B005BDED0 /* Frameworks */,
				C539C2D82C19C56B005BDED0 /* Resources */,
			);
			buildRules = (
			);
			dependencies = (
				C539C2DC2C19C56B005BDED0 /* PBXTargetDependency */,
			);
			name = CTXMAMCodeCoverageFailUITests;
			productName = CTXMAMCodeCoverageFailUITests;
			productReference = C539C2DA2C19C56B005BDED0 /* CTXMAMCodeCoverageFailUITests.xctest */;
			productType = "com.apple.product-type.bundle.ui-testing";
		};
/* End PBXNativeTarget section */

/* Begin PBXProject section */
		C539C2B22C19C567005BDED0 /* Project object */ = {
			isa = PBXProject;
			attributes = {
				BuildIndependentTargetsInParallel = 1;
				LastSwiftUpdateCheck = 1540;
				LastUpgradeCheck = 1540;
				TargetAttributes = {
					C539C2B92C19C567005BDED0 = {
						CreatedOnToolsVersion = 15.4;
					};
					C539C2CF2C19C56B005BDED0 = {
						CreatedOnToolsVersion = 15.4;
						TestTargetID = C539C2B92C19C567005BDED0;
					};
					C539C2D92C19C56B005BDED0 = {
						CreatedOnToolsVersion = 15.4;
						TestTargetID = C539C2B92C19C567005BDED0;
					};
				};
			};
			buildConfigurationList = C539C2B52C19C567005BDED0 /* Build configuration list for PBXProject "CTXMAMCodeCoverageFail" */;
			compatibilityVersion = "Xcode 14.0";
			developmentRegion = en;
			hasScannedForEncodings = 0;
			knownRegions = (
				en,
				Base,
			);
			mainGroup = C539C2B12C19C567005BDED0;
			productRefGroup = C539C2BB2C19C567005BDED0 /* Products */;
			projectDirPath = "";
			projectRoot = "";
			targets = (
				C539C2B92C19C567005BDED0 /* CTXMAMCodeCoverageFail */,
				C539C2CF2C19C56B005BDED0 /* CTXMAMCodeCoverageFailTests */,
				C539C2D92C19C56B005BDED0 /* CTXMAMCodeCoverageFailUITests */,
			);
		};
/* End PBXProject section */

/* Begin PBXResourcesBuildPhase section */
		C539C2B82C19C567005BDED0 /* Resources */ = {
			isa = PBXResourcesBuildPhase;
			buildActionMask = 2147483647;
			files = (
				C539C2C72C19C56B005BDED0 /* Assets.xcassets in Resources */,
				C539C2CA2C19C56B005BDED0 /* Base in Resources */,
				C539C2C52C19C567005BDED0 /* Base in Resources */,
			);
			runOnlyForDeploymentPostprocessing = 0;
		};
		C539C2CE2C19C56B005BDED0 /* Resources */ = {
			isa = PBXResourcesBuildPhase;
			buildActionMask = 2147483647;
			files = (
			);
			runOnlyForDeploymentPostprocessing = 0;
		};
		C539C2D82C19C56B005BDED0 /* Resources */ = {
			isa = PBXResourcesBuildPhase;
			buildActionMask = 2147483647;
			files = (
			);
			runOnlyForDeploymentPostprocessing = 0;
		};
/* End PBXResourcesBuildPhase section */

/* Begin PBXSourcesBuildPhase section */
		C539C2B62C19C567005BDED0 /* Sources */ = {
			isa = PBXSourcesBuildPhase;
			buildActionMask = 2147483647;
			files = (
				C539C2C22C19C567005BDED0 /* ViewController.swift in Sources */,
				C539C2BE2C19C567005BDED0 /* AppDelegate.swift in Sources */,
				C539C2C02C19C567005BDED0 /* SceneDelegate.swift in Sources */,
			);
			runOnlyForDeploymentPostprocessing = 0;
		};
		C539C2CC2C19C56B005BDED0 /* Sources */ = {
			isa = PBXSourcesBuildPhase;
			buildActionMask = 2147483647;
			files = (
				C539C2D52C19C56B005BDED0 /* CTXMAMCodeCoverageFailTests.swift in Sources */,
			);
			runOnlyForDeploymentPostprocessing = 0;
		};
		C539C2D62C19C56B005BDED0 /* Sources */ = {
			isa = PBXSourcesBuildPhase;
			buildActionMask = 2147483647;
			files = (
				C539C2DF2C19C56B005BDED0 /* CTXMAMCodeCoverageFailUITests.swift in Sources */,
				C539C2E12C19C56B005BDED0 /* CTXMAMCodeCoverageFailUITestsLaunchTests.swift in Sources */,
			);
			runOnlyForDeploymentPostprocessing = 0;
		};
/* End PBXSourcesBuildPhase section */

/* Begin PBXTargetDependency section */
		C539C2D22C19C56B005BDED0 /* PBXTargetDependency */ = {
			isa = PBXTargetDependency;
			target = C539C2B92C19C567005BDED0 /* CTXMAMCodeCoverageFail */;
			targetProxy = C539C2D12C19C56B005BDED0 /* PBXContainerItemProxy */;
		};
		C539C2DC2C19C56B005BDED0 /* PBXTargetDependency */ = {
			isa = PBXTargetDependency;
			target = C539C2B92C19C567005BDED0 /* CTXMAMCodeCoverageFail */;
			targetProxy = C539C2DB2C19C56B005BDED0 /* PBXContainerItemProxy */;
		};
/* End PBXTargetDependency section */

/* Begin PBXVariantGroup section */
		C539C2C32C19C567005BDED0 /* Main.storyboard */ = {
			isa = PBXVariantGroup;
			children = (
				C539C2C42C19C567005BDED0 /* Base */,
			);
			name = Main.storyboard;
			sourceTree = "<group>";
		};
		C539C2C82C19C56B005BDED0 /* LaunchScreen.storyboard */ = {
			isa = PBXVariantGroup;
			children = (
				C539C2C92C19C56B005BDED0 /* Base */,
			);
			name = LaunchScreen.storyboard;
			sourceTree = "<group>";
		};
/* End PBXVariantGroup section */

/* Begin XCBuildConfiguration section */
		C539C2E22C19C56B005BDED0 /* Debug */ = {
			isa = XCBuildConfiguration;
			buildSettings = {
				ALWAYS_SEARCH_USER_PATHS = NO;
				ASSETCATALOG_COMPILER_GENERATE_SWIFT_ASSET_SYMBOL_EXTENSIONS = YES;
				CLANG_ANALYZER_NONNULL = YES;
				CLANG_ANALYZER_NUMBER_OBJECT_CONVERSION = YES_AGGRESSIVE;
				CLANG_CXX_LANGUAGE_STANDARD = "gnu++20";
				CLANG_ENABLE_MODULES = YES;
				CLANG_ENABLE_OBJC_ARC = YES;
				CLANG_ENABLE_OBJC_WEAK = YES;
				CLANG_WARN_BLOCK_CAPTURE_AUTORELEASING = YES;
				CLANG_WARN_BOOL_CONVERSION = YES;
				CLANG_WARN_COMMA = YES;
				CLANG_WARN_CONSTANT_CONVERSION = YES;
				CLANG_WARN_DEPRECATED_OBJC_IMPLEMENTATIONS = YES;
				CLANG_WARN_DIRECT_OBJC_ISA_USAGE = YES_ERROR;
				CLANG_WARN_DOCUMENTATION_COMMENTS = YES;
				CLANG_WARN_EMPTY_BODY = YES;
				CLANG_WARN_ENUM_CONVERSION = YES;
				CLANG_WARN_INFINITE_RECURSION = YES;
				CLANG_WARN_INT_CONVERSION = YES;
				CLANG_WARN_NON_LITERAL_NULL_CONVERSION = YES;
				CLANG_WARN_OBJC_IMPLICIT_RETAIN_SELF = YES;
				CLANG_WARN_OBJC_LITERAL_CONVERSION = YES;
				CLANG_WARN_OBJC_ROOT_CLASS = YES_ERROR;
				CLANG_WARN_QUOTED_INCLUDE_IN_FRAMEWORK_HEADER = YES;
				CLANG_WARN_RANGE_LOOP_ANALYSIS = YES;
				CLANG_WARN_STRICT_PROTOTYPES = YES;
				CLANG_WARN_SUSPICIOUS_MOVE = YES;
				CLANG_WARN_UNGUARDED_AVAILABILITY = YES_AGGRESSIVE;
				CLANG_WARN_UNREACHABLE_CODE = YES;
				CLANG_WARN__DUPLICATE_METHOD_MATCH = YES;
				COPY_PHASE_STRIP = NO;
				DEBUG_INFORMATION_FORMAT = dwarf;
				ENABLE_STRICT_OBJC_MSGSEND = YES;
				ENABLE_TESTABILITY = YES;
				ENABLE_USER_SCRIPT_SANDBOXING = YES;
				GCC_C_LANGUAGE_STANDARD = gnu17;
				GCC_DYNAMIC_NO_PIC = NO;
				GCC_NO_COMMON_BLOCKS = YES;
				GCC_OPTIMIZATION_LEVEL = 0;
				GCC_PREPROCESSOR_DEFINITIONS = (
					"DEBUG=1",
					"$(inherited)",
				);
				GCC_WARN_64_TO_32_BIT_CONVERSION = YES;
				GCC_WARN_ABOUT_RETURN_TYPE = YES_ERROR;
				GCC_WARN_UNDECLARED_SELECTOR = YES;
				GCC_WARN_UNINITIALIZED_AUTOS = YES_AGGRESSIVE;
				GCC_WARN_UNUSED_FUNCTION = YES;
				GCC_WARN_UNUSED_VARIABLE = YES;
				IPHONEOS_DEPLOYMENT_TARGET = 17.5;
				LOCALIZATION_PREFERS_STRING_CATALOGS = YES;
				MTL_ENABLE_DEBUG_INFO = INCLUDE_SOURCE;
				MTL_FAST_MATH = YES;
				ONLY_ACTIVE_ARCH = YES;
				SDKROOT = iphoneos;
				SWIFT_ACTIVE_COMPILATION_CONDITIONS = "DEBUG $(inherited)";
				SWIFT_OPTIMIZATION_LEVEL = "-Onone";
			};
			name = Debug;
		};
		C539C2E32C19C56B005BDED0 /* Release */ = {
			isa = XCBuildConfiguration;
			buildSettings = {
				ALWAYS_SEARCH_USER_PATHS = NO;
				ASSETCATALOG_COMPILER_GENERATE_SWIFT_ASSET_SYMBOL_EXTENSIONS = YES;
				CLANG_ANALYZER_NONNULL = YES;
				CLANG_ANALYZER_NUMBER_OBJECT_CONVERSION = YES_AGGRESSIVE;
				CLANG_CXX_LANGUAGE_STANDARD = "gnu++20";
				CLANG_ENABLE_MODULES = YES;
				CLANG_ENABLE_OBJC_ARC = YES;
				CLANG_ENABLE_OBJC_WEAK = YES;
				CLANG_WARN_BLOCK_CAPTURE_AUTORELEASING = YES;
				CLANG_WARN_BOOL_CONVERSION = YES;
				CLANG_WARN_COMMA = YES;
				CLANG_WARN_CONSTANT_CONVERSION = YES;
				CLANG_WARN_DEPRECATED_OBJC_IMPLEMENTATIONS = YES;
				CLANG_WARN_DIRECT_OBJC_ISA_USAGE = YES_ERROR;
				CLANG_WARN_DOCUMENTATION_COMMENTS = YES;
				CLANG_WARN_EMPTY_BODY = YES;
				CLANG_WARN_ENUM_CONVERSION = YES;
				CLANG_WARN_INFINITE_RECURSION = YES;
				CLANG_WARN_INT_CONVERSION = YES;
				CLANG_WARN_NON_LITERAL_NULL_CONVERSION = YES;
				CLANG_WARN_OBJC_IMPLICIT_RETAIN_SELF = YES;
				CLANG_WARN_OBJC_LITERAL_CONVERSION = YES;
				CLANG_WARN_OBJC_ROOT_CLASS = YES_ERROR;
				CLANG_WARN_QUOTED_INCLUDE_IN_FRAMEWORK_HEADER = YES;
				CLANG_WARN_RANGE_LOOP_ANALYSIS = YES;
				CLANG_WARN_STRICT_PROTOTYPES = YES;
				CLANG_WARN_SUSPICIOUS_MOVE = YES;
				CLANG_WARN_UNGUARDED_AVAILABILITY = YES_AGGRESSIVE;
				CLANG_WARN_UNREACHABLE_CODE = YES;
				CLANG_WARN__DUPLICATE_METHOD_MATCH = YES;
				COPY_PHASE_STRIP = NO;
				DEBUG_INFORMATION_FORMAT = "dwarf-with-dsym";
				ENABLE_NS_ASSERTIONS = NO;
				ENABLE_STRICT_OBJC_MSGSEND = YES;
				ENABLE_USER_SCRIPT_SANDBOXING = YES;
				GCC_C_LANGUAGE_STANDARD = gnu17;
				GCC_NO_COMMON_BLOCKS = YES;
				GCC_WARN_64_TO_32_BIT_CONVERSION = YES;
				GCC_WARN_ABOUT_RETURN_TYPE = YES_ERROR;
				GCC_WARN_UNDECLARED_SELECTOR = YES;
				GCC_WARN_UNINITIALIZED_AUTOS = YES_AGGRESSIVE;
				GCC_WARN_UNUSED_FUNCTION = YES;
				GCC_WARN_UNUSED_VARIABLE = YES;
				IPHONEOS_DEPLOYMENT_TARGET = 17.5;
				LOCALIZATION_PREFERS_STRING_CATALOGS = YES;
				MTL_ENABLE_DEBUG_INFO = NO;
				MTL_FAST_MATH = YES;
				SDKROOT = iphoneos;
				SWIFT_COMPILATION_MODE = wholemodule;
				VALIDATE_PRODUCT = YES;
			};
			name = Release;
		};
		C539C2E52C19C56B005BDED0 /* Debug */ = {
			isa = XCBuildConfiguration;
			buildSettings = {
				ASSETCATALOG_COMPILER_APPICON_NAME = AppIcon;
				ASSETCATALOG_COMPILER_GLOBAL_ACCENT_COLOR_NAME = AccentColor;
				CODE_SIGN_STYLE = Automatic;
				CURRENT_PROJECT_VERSION = 1;
				DEVELOPMENT_TEAM = PSPQUEF8CD;
				GENERATE_INFOPLIST_FILE = YES;
				INFOPLIST_FILE = CTXMAMCodeCoverageFail/Info.plist;
				INFOPLIST_KEY_UIApplicationSupportsIndirectInputEvents = YES;
				INFOPLIST_KEY_UILaunchStoryboardName = LaunchScreen;
				INFOPLIST_KEY_UIMainStoryboardFile = Main;
				INFOPLIST_KEY_UISupportedInterfaceOrientations_iPad = "UIInterfaceOrientationPortrait UIInterfaceOrientationPortraitUpsideDown UIInterfaceOrientationLandscapeLeft UIInterfaceOrientationLandscapeRight";
				INFOPLIST_KEY_UISupportedInterfaceOrientations_iPhone = "UIInterfaceOrientationPortrait UIInterfaceOrientationLandscapeLeft UIInterfaceOrientationLandscapeRight";
				LD_RUNPATH_SEARCH_PATHS = (
					"$(inherited)",
					"@executable_path/Frameworks",
				);
				MARKETING_VERSION = 1.0;
				PRODUCT_BUNDLE_IDENTIFIER = "de.gero-herkenrath.CTXMAMCodeCoverageFail";
				PRODUCT_NAME = "$(TARGET_NAME)";
				SWIFT_EMIT_LOC_STRINGS = YES;
				SWIFT_VERSION = 5.0;
				TARGETED_DEVICE_FAMILY = "1,2";
			};
			name = Debug;
		};
		C539C2E62C19C56B005BDED0 /* Release */ = {
			isa = XCBuildConfiguration;
			buildSettings = {
				ASSETCATALOG_COMPILER_APPICON_NAME = AppIcon;
				ASSETCATALOG_COMPILER_GLOBAL_ACCENT_COLOR_NAME = AccentColor;
				CODE_SIGN_STYLE = Automatic;
				CURRENT_PROJECT_VERSION = 1;
				DEVELOPMENT_TEAM = PSPQUEF8CD;
				GENERATE_INFOPLIST_FILE = YES;
				INFOPLIST_FILE = CTXMAMCodeCoverageFail/Info.plist;
				INFOPLIST_KEY_UIApplicationSupportsIndirectInputEvents = YES;
				INFOPLIST_KEY_UILaunchStoryboardName = LaunchScreen;
				INFOPLIST_KEY_UIMainStoryboardFile = Main;
				INFOPLIST_KEY_UISupportedInterfaceOrientations_iPad = "UIInterfaceOrientationPortrait UIInterfaceOrientationPortraitUpsideDown UIInterfaceOrientationLandscapeLeft UIInterfaceOrientationLandscapeRight";
				INFOPLIST_KEY_UISupportedInterfaceOrientations_iPhone = "UIInterfaceOrientationPortrait UIInterfaceOrientationLandscapeLeft UIInterfaceOrientationLandscapeRight";
				LD_RUNPATH_SEARCH_PATHS = (
					"$(inherited)",
					"@executable_path/Frameworks",
				);
				MARKETING_VERSION = 1.0;
				PRODUCT_BUNDLE_IDENTIFIER = "de.gero-herkenrath.CTXMAMCodeCoverageFail";
				PRODUCT_NAME = "$(TARGET_NAME)";
				SWIFT_EMIT_LOC_STRINGS = YES;
				SWIFT_VERSION = 5.0;
				TARGETED_DEVICE_FAMILY = "1,2";
			};
			name = Release;
		};
		C539C2E82C19C56B005BDED0 /* Debug */ = {
			isa = XCBuildConfiguration;
			buildSettings = {
				ALWAYS_EMBED_SWIFT_STANDARD_LIBRARIES = YES;
				BUNDLE_LOADER = "$(TEST_HOST)";
				CODE_SIGN_STYLE = Automatic;
				CURRENT_PROJECT_VERSION = 1;
				DEVELOPMENT_TEAM = PSPQUEF8CD;
				GENERATE_INFOPLIST_FILE = YES;
				IPHONEOS_DEPLOYMENT_TARGET = 17.5;
				MARKETING_VERSION = 1.0;
				PRODUCT_BUNDLE_IDENTIFIER = "de.gero-herkenrath.CTXMAMCodeCoverageFailTests";
				PRODUCT_NAME = "$(TARGET_NAME)";
				SWIFT_EMIT_LOC_STRINGS = NO;
				SWIFT_VERSION = 5.0;
				TARGETED_DEVICE_FAMILY = "1,2";
				TEST_HOST = "$(BUILT_PRODUCTS_DIR)/CTXMAMCodeCoverageFail.app/$(BUNDLE_EXECUTABLE_FOLDER_PATH)/CTXMAMCodeCoverageFail";
			};
			name = Debug;
		};
		C539C2E92C19C56B005BDED0 /* Release */ = {
			isa = XCBuildConfiguration;
			buildSettings = {
				ALWAYS_EMBED_SWIFT_STANDARD_LIBRARIES = YES;
				BUNDLE_LOADER = "$(TEST_HOST)";
				CODE_SIGN_STYLE = Automatic;
				CURRENT_PROJECT_VERSION = 1;
				DEVELOPMENT_TEAM = PSPQUEF8CD;
				GENERATE_INFOPLIST_FILE = YES;
				IPHONEOS_DEPLOYMENT_TARGET = 17.5;
				MARKETING_VERSION = 1.0;
				PRODUCT_BUNDLE_IDENTIFIER = "de.gero-herkenrath.CTXMAMCodeCoverageFailTests";
				PRODUCT_NAME = "$(TARGET_NAME)";
				SWIFT_EMIT_LOC_STRINGS = NO;
				SWIFT_VERSION = 5.0;
				TARGETED_DEVICE_FAMILY = "1,2";
				TEST_HOST = "$(BUILT_PRODUCTS_DIR)/CTXMAMCodeCoverageFail.app/$(BUNDLE_EXECUTABLE_FOLDER_PATH)/CTXMAMCodeCoverageFail";
			};
			name = Release;
		};
		C539C2EB2C19C56B005BDED0 /* Debug */ = {
			isa = XCBuildConfiguration;
			buildSettings = {
				ALWAYS_EMBED_SWIFT_STANDARD_LIBRARIES = YES;
				CODE_SIGN_STYLE = Automatic;
				CURRENT_PROJECT_VERSION = 1;
				DEVELOPMENT_TEAM = PSPQUEF8CD;
				GENERATE_INFOPLIST_FILE = YES;
				MARKETING_VERSION = 1.0;
				PRODUCT_BUNDLE_IDENTIFIER = "de.gero-herkenrath.CTXMAMCodeCoverageFailUITests";
				PRODUCT_NAME = "$(TARGET_NAME)";
				SWIFT_EMIT_LOC_STRINGS = NO;
				SWIFT_VERSION = 5.0;
				TARGETED_DEVICE_FAMILY = "1,2";
				TEST_TARGET_NAME = CTXMAMCodeCoverageFail;
			};
			name = Debug;
		};
		C539C2EC2C19C56B005BDED0 /* Release */ = {
			isa = XCBuildConfiguration;
			buildSettings = {
				ALWAYS_EMBED_SWIFT_STANDARD_LIBRARIES = YES;
				CODE_SIGN_STYLE = Automatic;
				CURRENT_PROJECT_VERSION = 1;
				DEVELOPMENT_TEAM = PSPQUEF8CD;
				GENERATE_INFOPLIST_FILE = YES;
				MARKETING_VERSION = 1.0;
				PRODUCT_BUNDLE_IDENTIFIER = "de.gero-herkenrath.CTXMAMCodeCoverageFailUITests";
				PRODUCT_NAME = "$(TARGET_NAME)";
				SWIFT_EMIT_LOC_STRINGS = NO;
				SWIFT_VERSION = 5.0;
				TARGETED_DEVICE_FAMILY = "1,2";
				TEST_TARGET_NAME = CTXMAMCodeCoverageFail;
			};
			name = Release;
		};
/* End XCBuildConfiguration section */

/* Begin XCConfigurationList section */
		C539C2B52C19C567005BDED0 /* Build configuration list for PBXProject "CTXMAMCodeCoverageFail" */ = {
			isa = XCConfigurationList;
			buildConfigurations = (
				C539C2E22C19C56B005BDED0 /* Debug */,
				C539C2E32C19C56B005BDED0 /* Release */,
			);
			defaultConfigurationIsVisible = 0;
			defaultConfigurationName = Release;
		};
		C539C2E42C19C56B005BDED0 /* Build configuration list for PBXNativeTarget "CTXMAMCodeCoverageFail" */ = {
			isa = XCConfigurationList;
			buildConfigurations = (
				C539C2E52C19C56B005BDED0 /* Debug */,
				C539C2E62C19C56B005BDED0 /* Release */,
			);
			defaultConfigurationIsVisible = 0;
			defaultConfigurationName = Release;
		};
		C539C2E72C19C56B005BDED0 /* Build configuration list for PBXNativeTarget "CTXMAMCodeCoverageFailTests" */ = {
			isa = XCConfigurationList;
			buildConfigurations = (
				C539C2E82C19C56B005BDED0 /* Debug */,
				C539C2E92C19C56B005BDED0 /* Release */,
			);
			defaultConfigurationIsVisible = 0;
			defaultConfigurationName = Release;
		};
		C539C2EA2C19C56B005BDED0 /* Build configuration list for PBXNativeTarget "CTXMAMCodeCoverageFailUITests" */ = {
			isa = XCConfigurationList;
			buildConfigurations = (
				C539C2EB2C19C56B005BDED0 /* Debug */,
				C539C2EC2C19C56B005BDED0 /* Release */,
			);
			defaultConfigurationIsVisible = 0;
			defaultConfigurationName = Release;
		};
/* End XCConfigurationList section */
	};
	rootObject = C539C2B22C19C567005BDED0 /* Project object */;
}
